
Microsoft Visual Studio Solution File, Format Version 12.00
# Visual Studio Version 17
VisualStudioVersion = 17.10.34916.146
MinimumVisualStudioVersion = 10.0.40219.1
Project("{FAE04EC0-301F-11D3-BF4B-00C04F79EFBC}") = "ConsoleApp1", "ConsoleApp1\ConsoleApp1.csproj", "{A8323ADA-4050-416C-8DAA-81F7B2A7335E}"
EndProject
Project("{FAE04EC0-301F-11D3-BF4B-00C04F79EFBC}") = "ConsoleApp2", "ConsoleApp2\ConsoleApp2.csproj", "{DA9CEBAC-E2CB-4D1C-A320-42830FC3620C}"
EndProject
Project("{FAE04EC0-301F-11D3-BF4B-00C04F79EFBC}") = "ConsoleApp3_Exo1", "ConsoleApp3_Exo1\ConsoleApp3_Exo1.csproj", "{E5DF5034-F35E-40B9-8D6C-B6945D9AB486}"
EndProject
Project("{FAE04EC0-301F-11D3-BF4B-00C04F79EFBC}") = "ConsoleApp4", "ConsoleApp4\ConsoleApp4.csproj", "{3A094D54-ABE6-44B2-BE08-CAD0BF61F3CC}"
EndProject
Global
	GlobalSection(SolutionConfigurationPlatforms) = preSolution
		Debug|Any CPU = Debug|Any CPU
		Release|Any CPU = Release|Any CPU
	EndGlobalSection
	GlobalSection(ProjectConfigurationPlatforms) = postSolution
		{A8323ADA-4050-416C-8DAA-81F7B2A7335E}.Debug|Any CPU.ActiveCfg = Debug|Any CPU
		{A8323ADA-4050-416C-8DAA-81F7B2A7335E}.Debug|Any CPU.Build.0 = Debug|Any CPU
		{A8323ADA-4050-416C-8DAA-81F7B2A7335E}.Release|Any CPU.ActiveCfg = Release|Any CPU
		{A8323ADA-4050-416C-8DAA-81F7B2A7335E}.Release|Any CPU.Build.0 = Release|Any CPU
		{DA9CEBAC-E2CB-4D1C-A320-42830FC3620C}.Debug|Any CPU.ActiveCfg = Debug|Any CPU
		{DA9CEBAC-E2CB-4D1C-A320-42830FC3620C}.Debug|Any CPU.Build.0 = Debug|Any CPU
		{DA9CEBAC-E2CB-4D1C-A320-42830FC3620C}.Release|Any CPU.ActiveCfg = Release|Any CPU
		{DA9CEBAC-E2CB-4D1C-A320-42830FC3620C}.Release|Any CPU.Build.0 = Release|Any CPU
		{E5DF5034-F35E-40B9-8D6C-B6945D9AB486}.Debug|Any CPU.ActiveCfg = Debug|Any CPU
		{E5DF5034-F35E-40B9-8D6C-B6945D9AB486}.Debug|Any CPU.Build.0 = Debug|Any CPU
		{E5DF5034-F35E-40B9-8D6C-B6945D9AB486}.Release|Any CPU.ActiveCfg = Release|Any CPU
		{E5DF5034-F35E-40B9-8D6C-B6945D9AB486}.Release|Any CPU.Build.0 = Release|Any CPU
		{3A094D54-ABE6-44B2-BE08-CAD0BF61F3CC}.Debug|Any CPU.ActiveCfg = Debug|Any CPU
		{3A094D54-ABE6-44B2-BE08-CAD0BF61F3CC}.Debug|Any CPU.Build.0 = Debug|Any CPU
		{3A094D54-ABE6-44B2-BE08-CAD0BF61F3CC}.Release|Any CPU.ActiveCfg = Release|Any CPU
		{3A094D54-ABE6-44B2-BE08-CAD0BF61F3CC}.Release|Any CPU.Build.0 = Release|Any CPU
	EndGlobalSection
	GlobalSection(SolutionProperties) = preSolution
		HideSolutionNode = FALSE
	EndGlobalSection
	GlobalSection(ExtensibilityGlobals) = postSolution
		SolutionGuid = {FB07361B-FBD4-4FAB-9896-9C70034C7C82}
	EndGlobalSection
EndGlobal
