
Microsoft Visual Studio Solution File, Format Version 12.00
# Visual Studio Version 17
VisualStudioVersion = 17.10.34916.146
MinimumVisualStudioVersion = 10.0.40219.1
Project("{9A19103F-16F7-4668-BE54-9A1E7A4F7556}") = "ConsoleApp1", "ConsoleApp1\ConsoleApp1.csproj", "{A8323ADA-4050-416C-8DAA-81F7B2A7335E}"
EndProject
Project("{9A19103F-16F7-4668-BE54-9A1E7A4F7556}") = "ConsoleApp2", "ConsoleApp2\ConsoleApp2.csproj", "{DA9CEBAC-E2CB-4D1C-A320-42830FC3620C}"
EndProject
Project("{9A19103F-16F7-4668-BE54-9A1E7A4F7556}") = "ConsoleApp3_Exo1", "ConsoleApp3_Exo1\ConsoleApp3_Exo1.csproj", "{E5DF5034-F35E-40B9-8D6C-B6945D9AB486}"
EndProject
Project("{9A19103F-16F7-4668-BE54-9A1E7A4F7556}") = "ConsoleApp4", "ConsoleApp4\ConsoleApp4.csproj", "{3A094D54-ABE6-44B2-BE08-CAD0BF61F3CC}"
EndProject
Project("{9A19103F-16F7-4668-BE54-9A1E7A4F7556}") = "ConsoleApp5", "ConsoleApp5\ConsoleApp5.csproj", "{9BE71219-BD3A-4C92-86B8-8B2BB41F8EAF}"
EndProject
Project("{9A19103F-16F7-4668-BE54-9A1E7A4F7556}") = "ConsoleApp6_Exo2", "ConsoleApp6_Exo2\ConsoleApp6_Exo2.csproj", "{6F594729-D246-4600-BCAB-E6D7CF4ADD98}"
EndProject
Project("{9A19103F-16F7-4668-BE54-9A1E7A4F7556}") = "ConsoleApp7", "ConsoleApp7\ConsoleApp7.csproj", "{71CA9012-2F29-48C0-841E-56AEB75E6723}"
EndProject
Project("{9A19103F-16F7-4668-BE54-9A1E7A4F7556}") = "ConsoleApp8", "ConsoleApp8\ConsoleApp8.csproj", "{D0402C57-0367-4A78-A00F-C5C8C2D1924F}"
EndProject
Project("{9A19103F-16F7-4668-BE54-9A1E7A4F7556}") = "ConsoleApp9", "ConsoleApp9\ConsoleApp9.csproj", "{1BD3CD52-A1B3-4EED-88A6-BC570796A37D}"
EndProject
Project("{9A19103F-16F7-4668-BE54-9A1E7A4F7556}") = "ConsoleAppA", "ConsoleAppA\ConsoleAppA.csproj", "{6CF2B5B0-3589-484C-B627-6FFB2A72FD3E}"
EndProject
Project("{9A19103F-16F7-4668-BE54-9A1E7A4F7556}") = "ConsoleAppB", "ConsoleAppB\ConsoleAppB.csproj", "{25880C83-A829-4FDA-88F4-E42224D79B64}"
EndProject
Project("{9A19103F-16F7-4668-BE54-9A1E7A4F7556}") = "ConsoleAppC", "ConsoleAppC\ConsoleAppC.csproj", "{2FF6B721-4652-4DF3-98E7-DD095174CFE8}"
EndProject
Project("{FAE04EC0-301F-11D3-BF4B-00C04F79EFBC}") = "ConsoleAppD2", "ConsoleAppD2\ConsoleAppD2.csproj", "{FF0A9CF7-D1FE-42F7-AEB2-8F098665648C}"
EndProject
Project("{9A19103F-16F7-4668-BE54-9A1E7A4F7556}") = "ConsoleAppE", "ConsoleAppE\ConsoleAppE.csproj", "{A12C90FA-EEEC-412A-A751-D20E508C2721}"
EndProject
Project("{9A19103F-16F7-4668-BE54-9A1E7A4F7556}") = "ConsoleAppF", "ConsoleAppF\ConsoleAppF.csproj", "{0BC7AC08-8671-4670-A250-E668BCCE02EE}"
EndProject
Project("{9A19103F-16F7-4668-BE54-9A1E7A4F7556}") = "ConsoleAppG", "ConsoleAppG\ConsoleAppG.csproj", "{9A000574-DFB3-497F-A77B-5BE7F2095C15}"
EndProject
Project("{9A19103F-16F7-4668-BE54-9A1E7A4F7556}") = "ConsoleAppH", "ConsoleAppH\ConsoleAppH.csproj", "{BAB5AA33-8EE1-4E93-8C2A-4C8A8B166131}"
EndProject
Project("{9A19103F-16F7-4668-BE54-9A1E7A4F7556}") = "ConsoleAppI_Extra", "ConsoleAppI_Extra\ConsoleAppI_Extra.csproj", "{0ADB89B4-A36D-40DB-AE42-FC7CE9D9E12B}"
EndProject
Project("{9A19103F-16F7-4668-BE54-9A1E7A4F7556}") = "FilRouge", "FilRouge\FilRouge.csproj", "{28137D4A-1FE0-4C47-80E0-F750597E17DC}"
EndProject
Project("{2150E333-8FDC-42A3-9474-1A3956D46DE8}") = "Solution_FilRouge", "Solution_FilRouge", "{9074F13E-2577-472D-9311-F44FCCF4035C}"
EndProject
Project("{2150E333-8FDC-42A3-9474-1A3956D46DE8}") = "Cours", "Cours", "{E70D839D-7831-4978-9235-76CADB82AAF8}"
EndProject
Project("{FAE04EC0-301F-11D3-BF4B-00C04F79EFBC}") = "FilRouge.Metier", "FilRouge.Metier\FilRouge.Metier.csproj", "{4E39C888-2826-4440-A2C8-5A5DC71AA9D5}"
EndProject
Project("{FAE04EC0-301F-11D3-BF4B-00C04F79EFBC}") = "FilRouge.Donnees", "FilRouge.Donnees\FilRouge.Donnees.csproj", "{B6298E5F-A0AE-4D77-B581-FCF97DED07C5}"
EndProject
Project("{FAE04EC0-301F-11D3-BF4B-00C04F79EFBC}") = "FilRouge.Commun", "FilRouge.Commun\FilRouge.Commun.csproj", "{6995DF9A-A243-4030-B477-05A7283BF737}"
EndProject
Global
	GlobalSection(SolutionConfigurationPlatforms) = preSolution
		Debug|Any CPU = Debug|Any CPU
		Release|Any CPU = Release|Any CPU
	EndGlobalSection
	GlobalSection(ProjectConfigurationPlatforms) = postSolution
		{A8323ADA-4050-416C-8DAA-81F7B2A7335E}.Debug|Any CPU.ActiveCfg = Debug|Any CPU
		{A8323ADA-4050-416C-8DAA-81F7B2A7335E}.Debug|Any CPU.Build.0 = Debug|Any CPU
		{A8323ADA-4050-416C-8DAA-81F7B2A7335E}.Release|Any CPU.ActiveCfg = Release|Any CPU
		{A8323ADA-4050-416C-8DAA-81F7B2A7335E}.Release|Any CPU.Build.0 = Release|Any CPU
		{DA9CEBAC-E2CB-4D1C-A320-42830FC3620C}.Debug|Any CPU.ActiveCfg = Debug|Any CPU
		{DA9CEBAC-E2CB-4D1C-A320-42830FC3620C}.Debug|Any CPU.Build.0 = Debug|Any CPU
		{DA9CEBAC-E2CB-4D1C-A320-42830FC3620C}.Release|Any CPU.ActiveCfg = Release|Any CPU
		{DA9CEBAC-E2CB-4D1C-A320-42830FC3620C}.Release|Any CPU.Build.0 = Release|Any CPU
		{E5DF5034-F35E-40B9-8D6C-B6945D9AB486}.Debug|Any CPU.ActiveCfg = Debug|Any CPU
		{E5DF5034-F35E-40B9-8D6C-B6945D9AB486}.Debug|Any CPU.Build.0 = Debug|Any CPU
		{E5DF5034-F35E-40B9-8D6C-B6945D9AB486}.Release|Any CPU.ActiveCfg = Release|Any CPU
		{E5DF5034-F35E-40B9-8D6C-B6945D9AB486}.Release|Any CPU.Build.0 = Release|Any CPU
		{3A094D54-ABE6-44B2-BE08-CAD0BF61F3CC}.Debug|Any CPU.ActiveCfg = Debug|Any CPU
		{3A094D54-ABE6-44B2-BE08-CAD0BF61F3CC}.Debug|Any CPU.Build.0 = Debug|Any CPU
		{3A094D54-ABE6-44B2-BE08-CAD0BF61F3CC}.Release|Any CPU.ActiveCfg = Release|Any CPU
		{3A094D54-ABE6-44B2-BE08-CAD0BF61F3CC}.Release|Any CPU.Build.0 = Release|Any CPU
		{9BE71219-BD3A-4C92-86B8-8B2BB41F8EAF}.Debug|Any CPU.ActiveCfg = Debug|Any CPU
		{9BE71219-BD3A-4C92-86B8-8B2BB41F8EAF}.Debug|Any CPU.Build.0 = Debug|Any CPU
		{9BE71219-BD3A-4C92-86B8-8B2BB41F8EAF}.Release|Any CPU.ActiveCfg = Release|Any CPU
		{9BE71219-BD3A-4C92-86B8-8B2BB41F8EAF}.Release|Any CPU.Build.0 = Release|Any CPU
		{6F594729-D246-4600-BCAB-E6D7CF4ADD98}.Debug|Any CPU.ActiveCfg = Debug|Any CPU
		{6F594729-D246-4600-BCAB-E6D7CF4ADD98}.Debug|Any CPU.Build.0 = Debug|Any CPU
		{6F594729-D246-4600-BCAB-E6D7CF4ADD98}.Release|Any CPU.ActiveCfg = Release|Any CPU
		{6F594729-D246-4600-BCAB-E6D7CF4ADD98}.Release|Any CPU.Build.0 = Release|Any CPU
		{71CA9012-2F29-48C0-841E-56AEB75E6723}.Debug|Any CPU.ActiveCfg = Debug|Any CPU
		{71CA9012-2F29-48C0-841E-56AEB75E6723}.Debug|Any CPU.Build.0 = Debug|Any CPU
		{71CA9012-2F29-48C0-841E-56AEB75E6723}.Release|Any CPU.ActiveCfg = Release|Any CPU
		{71CA9012-2F29-48C0-841E-56AEB75E6723}.Release|Any CPU.Build.0 = Release|Any CPU
		{D0402C57-0367-4A78-A00F-C5C8C2D1924F}.Debug|Any CPU.ActiveCfg = Debug|Any CPU
		{D0402C57-0367-4A78-A00F-C5C8C2D1924F}.Debug|Any CPU.Build.0 = Debug|Any CPU
		{D0402C57-0367-4A78-A00F-C5C8C2D1924F}.Release|Any CPU.ActiveCfg = Release|Any CPU
		{D0402C57-0367-4A78-A00F-C5C8C2D1924F}.Release|Any CPU.Build.0 = Release|Any CPU
		{1BD3CD52-A1B3-4EED-88A6-BC570796A37D}.Debug|Any CPU.ActiveCfg = Debug|Any CPU
		{1BD3CD52-A1B3-4EED-88A6-BC570796A37D}.Debug|Any CPU.Build.0 = Debug|Any CPU
		{1BD3CD52-A1B3-4EED-88A6-BC570796A37D}.Release|Any CPU.ActiveCfg = Release|Any CPU
		{1BD3CD52-A1B3-4EED-88A6-BC570796A37D}.Release|Any CPU.Build.0 = Release|Any CPU
		{6CF2B5B0-3589-484C-B627-6FFB2A72FD3E}.Debug|Any CPU.ActiveCfg = Debug|Any CPU
		{6CF2B5B0-3589-484C-B627-6FFB2A72FD3E}.Debug|Any CPU.Build.0 = Debug|Any CPU
		{6CF2B5B0-3589-484C-B627-6FFB2A72FD3E}.Release|Any CPU.ActiveCfg = Release|Any CPU
		{6CF2B5B0-3589-484C-B627-6FFB2A72FD3E}.Release|Any CPU.Build.0 = Release|Any CPU
		{25880C83-A829-4FDA-88F4-E42224D79B64}.Debug|Any CPU.ActiveCfg = Debug|Any CPU
		{25880C83-A829-4FDA-88F4-E42224D79B64}.Debug|Any CPU.Build.0 = Debug|Any CPU
		{25880C83-A829-4FDA-88F4-E42224D79B64}.Release|Any CPU.ActiveCfg = Release|Any CPU
		{25880C83-A829-4FDA-88F4-E42224D79B64}.Release|Any CPU.Build.0 = Release|Any CPU
		{2FF6B721-4652-4DF3-98E7-DD095174CFE8}.Debug|Any CPU.ActiveCfg = Debug|Any CPU
		{2FF6B721-4652-4DF3-98E7-DD095174CFE8}.Debug|Any CPU.Build.0 = Debug|Any CPU
		{2FF6B721-4652-4DF3-98E7-DD095174CFE8}.Release|Any CPU.ActiveCfg = Release|Any CPU
		{2FF6B721-4652-4DF3-98E7-DD095174CFE8}.Release|Any CPU.Build.0 = Release|Any CPU
		{FF0A9CF7-D1FE-42F7-AEB2-8F098665648C}.Debug|Any CPU.ActiveCfg = Debug|Any CPU
		{FF0A9CF7-D1FE-42F7-AEB2-8F098665648C}.Debug|Any CPU.Build.0 = Debug|Any CPU
		{FF0A9CF7-D1FE-42F7-AEB2-8F098665648C}.Release|Any CPU.ActiveCfg = Release|Any CPU
		{FF0A9CF7-D1FE-42F7-AEB2-8F098665648C}.Release|Any CPU.Build.0 = Release|Any CPU
		{A12C90FA-EEEC-412A-A751-D20E508C2721}.Debug|Any CPU.ActiveCfg = Debug|Any CPU
		{A12C90FA-EEEC-412A-A751-D20E508C2721}.Debug|Any CPU.Build.0 = Debug|Any CPU
		{A12C90FA-EEEC-412A-A751-D20E508C2721}.Release|Any CPU.ActiveCfg = Release|Any CPU
		{A12C90FA-EEEC-412A-A751-D20E508C2721}.Release|Any CPU.Build.0 = Release|Any CPU
		{0BC7AC08-8671-4670-A250-E668BCCE02EE}.Debug|Any CPU.ActiveCfg = Debug|Any CPU
		{0BC7AC08-8671-4670-A250-E668BCCE02EE}.Debug|Any CPU.Build.0 = Debug|Any CPU
		{0BC7AC08-8671-4670-A250-E668BCCE02EE}.Release|Any CPU.ActiveCfg = Release|Any CPU
		{0BC7AC08-8671-4670-A250-E668BCCE02EE}.Release|Any CPU.Build.0 = Release|Any CPU
		{9A000574-DFB3-497F-A77B-5BE7F2095C15}.Debug|Any CPU.ActiveCfg = Debug|Any CPU
		{9A000574-DFB3-497F-A77B-5BE7F2095C15}.Debug|Any CPU.Build.0 = Debug|Any CPU
		{9A000574-DFB3-497F-A77B-5BE7F2095C15}.Release|Any CPU.ActiveCfg = Release|Any CPU
		{9A000574-DFB3-497F-A77B-5BE7F2095C15}.Release|Any CPU.Build.0 = Release|Any CPU
		{BAB5AA33-8EE1-4E93-8C2A-4C8A8B166131}.Debug|Any CPU.ActiveCfg = Debug|Any CPU
		{BAB5AA33-8EE1-4E93-8C2A-4C8A8B166131}.Debug|Any CPU.Build.0 = Debug|Any CPU
		{BAB5AA33-8EE1-4E93-8C2A-4C8A8B166131}.Release|Any CPU.ActiveCfg = Release|Any CPU
		{BAB5AA33-8EE1-4E93-8C2A-4C8A8B166131}.Release|Any CPU.Build.0 = Release|Any CPU
		{0ADB89B4-A36D-40DB-AE42-FC7CE9D9E12B}.Debug|Any CPU.ActiveCfg = Debug|Any CPU
		{0ADB89B4-A36D-40DB-AE42-FC7CE9D9E12B}.Debug|Any CPU.Build.0 = Debug|Any CPU
		{0ADB89B4-A36D-40DB-AE42-FC7CE9D9E12B}.Release|Any CPU.ActiveCfg = Release|Any CPU
		{0ADB89B4-A36D-40DB-AE42-FC7CE9D9E12B}.Release|Any CPU.Build.0 = Release|Any CPU
		{28137D4A-1FE0-4C47-80E0-F750597E17DC}.Debug|Any CPU.ActiveCfg = Debug|Any CPU
		{28137D4A-1FE0-4C47-80E0-F750597E17DC}.Debug|Any CPU.Build.0 = Debug|Any CPU
		{28137D4A-1FE0-4C47-80E0-F750597E17DC}.Release|Any CPU.ActiveCfg = Release|Any CPU
		{28137D4A-1FE0-4C47-80E0-F750597E17DC}.Release|Any CPU.Build.0 = Release|Any CPU
		{4E39C888-2826-4440-A2C8-5A5DC71AA9D5}.Debug|Any CPU.ActiveCfg = Debug|Any CPU
		{4E39C888-2826-4440-A2C8-5A5DC71AA9D5}.Debug|Any CPU.Build.0 = Debug|Any CPU
		{4E39C888-2826-4440-A2C8-5A5DC71AA9D5}.Release|Any CPU.ActiveCfg = Release|Any CPU
		{4E39C888-2826-4440-A2C8-5A5DC71AA9D5}.Release|Any CPU.Build.0 = Release|Any CPU
		{B6298E5F-A0AE-4D77-B581-FCF97DED07C5}.Debug|Any CPU.ActiveCfg = Debug|Any CPU
		{B6298E5F-A0AE-4D77-B581-FCF97DED07C5}.Debug|Any CPU.Build.0 = Debug|Any CPU
		{B6298E5F-A0AE-4D77-B581-FCF97DED07C5}.Release|Any CPU.ActiveCfg = Release|Any CPU
		{B6298E5F-A0AE-4D77-B581-FCF97DED07C5}.Release|Any CPU.Build.0 = Release|Any CPU
		{6995DF9A-A243-4030-B477-05A7283BF737}.Debug|Any CPU.ActiveCfg = Debug|Any CPU
		{6995DF9A-A243-4030-B477-05A7283BF737}.Debug|Any CPU.Build.0 = Debug|Any CPU
		{6995DF9A-A243-4030-B477-05A7283BF737}.Release|Any CPU.ActiveCfg = Release|Any CPU
		{6995DF9A-A243-4030-B477-05A7283BF737}.Release|Any CPU.Build.0 = Release|Any CPU
	EndGlobalSection
	GlobalSection(SolutionProperties) = preSolution
		HideSolutionNode = FALSE
	EndGlobalSection
	GlobalSection(NestedProjects) = preSolution
		{A8323ADA-4050-416C-8DAA-81F7B2A7335E} = {E70D839D-7831-4978-9235-76CADB82AAF8}
		{DA9CEBAC-E2CB-4D1C-A320-42830FC3620C} = {E70D839D-7831-4978-9235-76CADB82AAF8}
		{E5DF5034-F35E-40B9-8D6C-B6945D9AB486} = {E70D839D-7831-4978-9235-76CADB82AAF8}
		{3A094D54-ABE6-44B2-BE08-CAD0BF61F3CC} = {E70D839D-7831-4978-9235-76CADB82AAF8}
		{9BE71219-BD3A-4C92-86B8-8B2BB41F8EAF} = {E70D839D-7831-4978-9235-76CADB82AAF8}
		{6F594729-D246-4600-BCAB-E6D7CF4ADD98} = {E70D839D-7831-4978-9235-76CADB82AAF8}
		{71CA9012-2F29-48C0-841E-56AEB75E6723} = {E70D839D-7831-4978-9235-76CADB82AAF8}
		{D0402C57-0367-4A78-A00F-C5C8C2D1924F} = {E70D839D-7831-4978-9235-76CADB82AAF8}
		{1BD3CD52-A1B3-4EED-88A6-BC570796A37D} = {E70D839D-7831-4978-9235-76CADB82AAF8}
		{6CF2B5B0-3589-484C-B627-6FFB2A72FD3E} = {E70D839D-7831-4978-9235-76CADB82AAF8}
		{25880C83-A829-4FDA-88F4-E42224D79B64} = {E70D839D-7831-4978-9235-76CADB82AAF8}
		{2FF6B721-4652-4DF3-98E7-DD095174CFE8} = {E70D839D-7831-4978-9235-76CADB82AAF8}
		{FF0A9CF7-D1FE-42F7-AEB2-8F098665648C} = {E70D839D-7831-4978-9235-76CADB82AAF8}
		{A12C90FA-EEEC-412A-A751-D20E508C2721} = {E70D839D-7831-4978-9235-76CADB82AAF8}
		{0BC7AC08-8671-4670-A250-E668BCCE02EE} = {E70D839D-7831-4978-9235-76CADB82AAF8}
		{9A000574-DFB3-497F-A77B-5BE7F2095C15} = {E70D839D-7831-4978-9235-76CADB82AAF8}
		{BAB5AA33-8EE1-4E93-8C2A-4C8A8B166131} = {E70D839D-7831-4978-9235-76CADB82AAF8}
		{0ADB89B4-A36D-40DB-AE42-FC7CE9D9E12B} = {E70D839D-7831-4978-9235-76CADB82AAF8}
		{28137D4A-1FE0-4C47-80E0-F750597E17DC} = {9074F13E-2577-472D-9311-F44FCCF4035C}
		{4E39C888-2826-4440-A2C8-5A5DC71AA9D5} = {9074F13E-2577-472D-9311-F44FCCF4035C}
		{B6298E5F-A0AE-4D77-B581-FCF97DED07C5} = {9074F13E-2577-472D-9311-F44FCCF4035C}
		{6995DF9A-A243-4030-B477-05A7283BF737} = {9074F13E-2577-472D-9311-F44FCCF4035C}
	EndGlobalSection
	GlobalSection(ExtensibilityGlobals) = postSolution
		SolutionGuid = {FB07361B-FBD4-4FAB-9896-9C70034C7C82}
	EndGlobalSection
EndGlobal
