
Microsoft Visual Studio Solution File, Format Version 12.00
# Visual Studio Version 17
VisualStudioVersion = 17.10.34916.146
MinimumVisualStudioVersion = 10.0.40219.1
Project("{9A19103F-16F7-4668-BE54-9A1E7A4F7556}") = "ConsoleApp1", "ConsoleApp1\ConsoleApp1.csproj", "{A8323ADA-4050-416C-8DAA-81F7B2A7335E}"
EndProject
Project("{9A19103F-16F7-4668-BE54-9A1E7A4F7556}") = "ConsoleApp2", "ConsoleApp2\ConsoleApp2.csproj", "{DA9CEBAC-E2CB-4D1C-A320-42830FC3620C}"
EndProject
Project("{9A19103F-16F7-4668-BE54-9A1E7A4F7556}") = "ConsoleApp3_Exo1", "ConsoleApp3_Exo1\ConsoleApp3_Exo1.csproj", "{E5DF5034-F35E-40B9-8D6C-B6945D9AB486}"
EndProject
Project("{9A19103F-16F7-4668-BE54-9A1E7A4F7556}") = "ConsoleApp4", "ConsoleApp4\ConsoleApp4.csproj", "{3A094D54-ABE6-44B2-BE08-CAD0BF61F3CC}"
EndProject
Project("{9A19103F-16F7-4668-BE54-9A1E7A4F7556}") = "ConsoleApp5", "ConsoleApp5\ConsoleApp5.csproj", "{9BE71219-BD3A-4C92-86B8-8B2BB41F8EAF}"
EndProject
Project("{9A19103F-16F7-4668-BE54-9A1E7A4F7556}") = "ConsoleApp6_Exo2", "ConsoleApp6_Exo2\ConsoleApp6_Exo2.csproj", "{6F594729-D246-4600-BCAB-E6D7CF4ADD98}"
EndProject
Project("{FAE04EC0-301F-11D3-BF4B-00C04F79EFBC}") = "ConsoleApp7", "ConsoleApp7\ConsoleApp7.csproj", "{71CA9012-2F29-48C0-841E-56AEB75E6723}"
EndProject
Project("{FAE04EC0-301F-11D3-BF4B-00C04F79EFBC}") = "ConsoleApp8", "ConsoleApp8\ConsoleApp8.csproj", "{D0402C57-0367-4A78-A00F-C5C8C2D1924F}"
EndProject
Project("{FAE04EC0-301F-11D3-BF4B-00C04F79EFBC}") = "ConsoleApp9", "ConsoleApp9\ConsoleApp9.csproj", "{1BD3CD52-A1B3-4EED-88A6-BC570796A37D}"
EndProject
Project("{FAE04EC0-301F-11D3-BF4B-00C04F79EFBC}") = "ConsoleAppA", "ConsoleAppA\ConsoleAppA.csproj", "{6CF2B5B0-3589-484C-B627-6FFB2A72FD3E}"
EndProject
Project("{FAE04EC0-301F-11D3-BF4B-00C04F79EFBC}") = "ConsoleAppB", "ConsoleAppB\ConsoleAppB.csproj", "{25880C83-A829-4FDA-88F4-E42224D79B64}"
EndProject
Project("{FAE04EC0-301F-11D3-BF4B-00C04F79EFBC}") = "ConsoleAppC", "ConsoleAppC\ConsoleAppC.csproj", "{2FF6B721-4652-4DF3-98E7-DD095174CFE8}"
EndProject
Project("{FAE04EC0-301F-11D3-BF4B-00C04F79EFBC}") = "ConsoleAppD", "ConsoleAppD\ConsoleAppD.csproj", "{29D5A665-E804-4A8E-A7AF-B36F6982B344}"
EndProject
Global
	GlobalSection(SolutionConfigurationPlatforms) = preSolution
		Debug|Any CPU = Debug|Any CPU
		Release|Any CPU = Release|Any CPU
	EndGlobalSection
	GlobalSection(ProjectConfigurationPlatforms) = postSolution
		{A8323ADA-4050-416C-8DAA-81F7B2A7335E}.Debug|Any CPU.ActiveCfg = Debug|Any CPU
		{A8323ADA-4050-416C-8DAA-81F7B2A7335E}.Debug|Any CPU.Build.0 = Debug|Any CPU
		{A8323ADA-4050-416C-8DAA-81F7B2A7335E}.Release|Any CPU.ActiveCfg = Release|Any CPU
		{A8323ADA-4050-416C-8DAA-81F7B2A7335E}.Release|Any CPU.Build.0 = Release|Any CPU
		{DA9CEBAC-E2CB-4D1C-A320-42830FC3620C}.Debug|Any CPU.ActiveCfg = Debug|Any CPU
		{DA9CEBAC-E2CB-4D1C-A320-42830FC3620C}.Debug|Any CPU.Build.0 = Debug|Any CPU
		{DA9CEBAC-E2CB-4D1C-A320-42830FC3620C}.Release|Any CPU.ActiveCfg = Release|Any CPU
		{DA9CEBAC-E2CB-4D1C-A320-42830FC3620C}.Release|Any CPU.Build.0 = Release|Any CPU
		{E5DF5034-F35E-40B9-8D6C-B6945D9AB486}.Debug|Any CPU.ActiveCfg = Debug|Any CPU
		{E5DF5034-F35E-40B9-8D6C-B6945D9AB486}.Debug|Any CPU.Build.0 = Debug|Any CPU
		{E5DF5034-F35E-40B9-8D6C-B6945D9AB486}.Release|Any CPU.ActiveCfg = Release|Any CPU
		{E5DF5034-F35E-40B9-8D6C-B6945D9AB486}.Release|Any CPU.Build.0 = Release|Any CPU
		{3A094D54-ABE6-44B2-BE08-CAD0BF61F3CC}.Debug|Any CPU.ActiveCfg = Debug|Any CPU
		{3A094D54-ABE6-44B2-BE08-CAD0BF61F3CC}.Debug|Any CPU.Build.0 = Debug|Any CPU
		{3A094D54-ABE6-44B2-BE08-CAD0BF61F3CC}.Release|Any CPU.ActiveCfg = Release|Any CPU
		{3A094D54-ABE6-44B2-BE08-CAD0BF61F3CC}.Release|Any CPU.Build.0 = Release|Any CPU
		{9BE71219-BD3A-4C92-86B8-8B2BB41F8EAF}.Debug|Any CPU.ActiveCfg = Debug|Any CPU
		{9BE71219-BD3A-4C92-86B8-8B2BB41F8EAF}.Debug|Any CPU.Build.0 = Debug|Any CPU
		{9BE71219-BD3A-4C92-86B8-8B2BB41F8EAF}.Release|Any CPU.ActiveCfg = Release|Any CPU
		{9BE71219-BD3A-4C92-86B8-8B2BB41F8EAF}.Release|Any CPU.Build.0 = Release|Any CPU
		{6F594729-D246-4600-BCAB-E6D7CF4ADD98}.Debug|Any CPU.ActiveCfg = Debug|Any CPU
		{6F594729-D246-4600-BCAB-E6D7CF4ADD98}.Debug|Any CPU.Build.0 = Debug|Any CPU
		{6F594729-D246-4600-BCAB-E6D7CF4ADD98}.Release|Any CPU.ActiveCfg = Release|Any CPU
		{6F594729-D246-4600-BCAB-E6D7CF4ADD98}.Release|Any CPU.Build.0 = Release|Any CPU
		{71CA9012-2F29-48C0-841E-56AEB75E6723}.Debug|Any CPU.ActiveCfg = Debug|Any CPU
		{71CA9012-2F29-48C0-841E-56AEB75E6723}.Debug|Any CPU.Build.0 = Debug|Any CPU
		{71CA9012-2F29-48C0-841E-56AEB75E6723}.Release|Any CPU.ActiveCfg = Release|Any CPU
		{71CA9012-2F29-48C0-841E-56AEB75E6723}.Release|Any CPU.Build.0 = Release|Any CPU
		{D0402C57-0367-4A78-A00F-C5C8C2D1924F}.Debug|Any CPU.ActiveCfg = Debug|Any CPU
		{D0402C57-0367-4A78-A00F-C5C8C2D1924F}.Debug|Any CPU.Build.0 = Debug|Any CPU
		{D0402C57-0367-4A78-A00F-C5C8C2D1924F}.Release|Any CPU.ActiveCfg = Release|Any CPU
		{D0402C57-0367-4A78-A00F-C5C8C2D1924F}.Release|Any CPU.Build.0 = Release|Any CPU
		{1BD3CD52-A1B3-4EED-88A6-BC570796A37D}.Debug|Any CPU.ActiveCfg = Debug|Any CPU
		{1BD3CD52-A1B3-4EED-88A6-BC570796A37D}.Debug|Any CPU.Build.0 = Debug|Any CPU
		{1BD3CD52-A1B3-4EED-88A6-BC570796A37D}.Release|Any CPU.ActiveCfg = Release|Any CPU
		{1BD3CD52-A1B3-4EED-88A6-BC570796A37D}.Release|Any CPU.Build.0 = Release|Any CPU
		{6CF2B5B0-3589-484C-B627-6FFB2A72FD3E}.Debug|Any CPU.ActiveCfg = Debug|Any CPU
		{6CF2B5B0-3589-484C-B627-6FFB2A72FD3E}.Debug|Any CPU.Build.0 = Debug|Any CPU
		{6CF2B5B0-3589-484C-B627-6FFB2A72FD3E}.Release|Any CPU.ActiveCfg = Release|Any CPU
		{6CF2B5B0-3589-484C-B627-6FFB2A72FD3E}.Release|Any CPU.Build.0 = Release|Any CPU
		{25880C83-A829-4FDA-88F4-E42224D79B64}.Debug|Any CPU.ActiveCfg = Debug|Any CPU
		{25880C83-A829-4FDA-88F4-E42224D79B64}.Debug|Any CPU.Build.0 = Debug|Any CPU
		{25880C83-A829-4FDA-88F4-E42224D79B64}.Release|Any CPU.ActiveCfg = Release|Any CPU
		{25880C83-A829-4FDA-88F4-E42224D79B64}.Release|Any CPU.Build.0 = Release|Any CPU
		{2FF6B721-4652-4DF3-98E7-DD095174CFE8}.Debug|Any CPU.ActiveCfg = Debug|Any CPU
		{2FF6B721-4652-4DF3-98E7-DD095174CFE8}.Debug|Any CPU.Build.0 = Debug|Any CPU
		{2FF6B721-4652-4DF3-98E7-DD095174CFE8}.Release|Any CPU.ActiveCfg = Release|Any CPU
		{2FF6B721-4652-4DF3-98E7-DD095174CFE8}.Release|Any CPU.Build.0 = Release|Any CPU
		{29D5A665-E804-4A8E-A7AF-B36F6982B344}.Debug|Any CPU.ActiveCfg = Debug|Any CPU
		{29D5A665-E804-4A8E-A7AF-B36F6982B344}.Debug|Any CPU.Build.0 = Debug|Any CPU
		{29D5A665-E804-4A8E-A7AF-B36F6982B344}.Release|Any CPU.ActiveCfg = Release|Any CPU
		{29D5A665-E804-4A8E-A7AF-B36F6982B344}.Release|Any CPU.Build.0 = Release|Any CPU
	EndGlobalSection
	GlobalSection(SolutionProperties) = preSolution
		HideSolutionNode = FALSE
	EndGlobalSection
	GlobalSection(ExtensibilityGlobals) = postSolution
		SolutionGuid = {FB07361B-FBD4-4FAB-9896-9C70034C7C82}
	EndGlobalSection
EndGlobal
